{"1.2.0",
[{<<"exometer_core">>,{pkg,<<"exometer_core">>,<<"2.0.0">>},0},
 {<<"hut">>,{pkg,<<"hut">>,<<"1.3.0">>},1},
 {<<"meck">>,
  {git,"https://github.com/eproxus/meck.git",
       {ref,"4ecc1ae9089edc6977e8c8c4cd41081513cc5590"}},
  4},
 {<<"parse_trans">>,{pkg,<<"parse_trans">>,<<"3.4.1">>},1},
 {<<"pes">>,
  {git,"https://github.com/systream/pes.git",
       {ref,"3fe537379d5155cffd3d3a6ab14ebea797794939"}},
  0},
 {<<"poolboy">>,{pkg,<<"poolboy">>,<<"1.5.2">>},1},
 {<<"protobuffs">>,
  {git,"https://github.com/basho/erlang_protobuffs.git",
       {ref,"098efad8f85dfe556d64e2cf6ce31f2075808f67"}},
  3},
 {<<"riak_pb">>,
  {git,"https://github.com/basho/riak_pb",
       {ref,"04e8cc7daa081c23be137b1eff2a6a3fb827f8e4"}},
  2},
 {<<"riakc">>,
  {git,"https://github.com/basho/riak-erlang-client.git",
       {ref,"3b6ad6e92dcb55833e9add829b2871be8468a68e"}},
  1},
 {<<"rico">>,
  {git,"https://github.com/systream/rico.git",
       {ref,"ad01fc763bd393652f91d480050b8dc66098afa7"}},
  0},
 {<<"setup">>,{pkg,<<"setup">>,<<"2.1.0">>},1},
 {<<"simple_gossip">>,
  {git,"https://github.com/systream/simple_gossip.git",
       {ref,"e4c4d0d5e1160f444ebb0d6a05d689bf37de7847"}},
  0}]}.
[
{pkg_hash,[
 {<<"exometer_core">>, <<"F19461FAE97B3AA70B6D2D586EE8101152916CB7884B973516F1F82C224CF7AD">>},
 {<<"hut">>, <<"71F2F054E657C03F959CF1ACC43F436EA87580696528CA2A55C8AFB1B06C85E7">>},
 {<<"parse_trans">>, <<"6E6AA8167CB44CC8F39441D05193BE6E6F4E7C2946CB2759F015F8C56B76E5FF">>},
 {<<"poolboy">>, <<"392B007A1693A64540CEAD79830443ABF5762F5D30CF50BC95CB2C1AAAFA006B">>},
 {<<"setup">>, <<"05F69185A5EB71474C9BC6BA892565651EC7507791F85632B7B914DBFE130510">>}]},
{pkg_hash_ext,[
 {<<"exometer_core">>, <<"AEA333E830A33BE0D7BC60701BBDC899566DE9387A4DE8649412FCBD309633A4">>},
 {<<"hut">>, <<"7E15D28555D8A1F2B5A3A931EC120AF0753E4853A4C66053DB354F35BF9AB563">>},
 {<<"parse_trans">>, <<"620A406CE75DADA827B82E453C19CF06776BE266F5A67CFF34E1EF2CBB60E49A">>},
 {<<"poolboy">>, <<"DAD79704CE5440F3D5A3681C8590B9DC25D1A561E8F5A9C995281012860901E3">>},
 {<<"setup">>, <<"EFD072578F0CF85BEA96CAAFFC7ADB0992398272522660A136E10567377071C5">>}]}
].
